
Microsoft Visual Studio Solution File, Format Version 12.00
# Visual Studio Version 17
VisualStudioVersion = 17.2.32519.379
MinimumVisualStudioVersion = 10.0.40219.1
Project("{FAE04EC0-301F-11D3-BF4B-00C04F79EFBC}") = "UsuarioFor", "UsuarioFor.csproj", "{5726D9F7-4258-4818-8509-5887EB9AAE1B}"
EndProject
Global
	GlobalSection(SolutionConfigurationPlatforms) = preSolution
		Debug|Any CPU = Debug|Any CPU
		Release|Any CPU = Release|Any CPU
	EndGlobalSection
	GlobalSection(ProjectConfigurationPlatforms) = postSolution
		{5726D9F7-4258-4818-8509-5887EB9AAE1B}.Debug|Any CPU.ActiveCfg = Debug|Any CPU
		{5726D9F7-4258-4818-8509-5887EB9AAE1B}.Debug|Any CPU.Build.0 = Debug|Any CPU
		{5726D9F7-4258-4818-8509-5887EB9AAE1B}.Release|Any CPU.ActiveCfg = Release|Any CPU
		{5726D9F7-4258-4818-8509-5887EB9AAE1B}.Release|Any CPU.Build.0 = Release|Any CPU
	EndGlobalSection
	GlobalSection(SolutionProperties) = preSolution
		HideSolutionNode = FALSE
	EndGlobalSection
	GlobalSection(ExtensibilityGlobals) = postSolution
		SolutionGuid = {A689D62D-CBC3-4B99-AF08-A65028C33AE6}
	EndGlobalSection
EndGlobal
