
Microsoft Visual Studio Solution File, Format Version 12.00
# Visual Studio Version 17
VisualStudioVersion = 17.2.32519.379
MinimumVisualStudioVersion = 10.0.40219.1
Project("{FAE04EC0-301F-11D3-BF4B-00C04F79EFBC}") = "WinFormsApp1", "WinFormsApp1\WinFormsApp1.csproj", "{F4C6A523-F848-4BF0-BA80-215AF8EA4D7B}"
EndProject
Global
	GlobalSection(SolutionConfigurationPlatforms) = preSolution
		Debug|Any CPU = Debug|Any CPU
		Release|Any CPU = Release|Any CPU
	EndGlobalSection
	GlobalSection(ProjectConfigurationPlatforms) = postSolution
		{F4C6A523-F848-4BF0-BA80-215AF8EA4D7B}.Debug|Any CPU.ActiveCfg = Debug|Any CPU
		{F4C6A523-F848-4BF0-BA80-215AF8EA4D7B}.Debug|Any CPU.Build.0 = Debug|Any CPU
		{F4C6A523-F848-4BF0-BA80-215AF8EA4D7B}.Release|Any CPU.ActiveCfg = Release|Any CPU
		{F4C6A523-F848-4BF0-BA80-215AF8EA4D7B}.Release|Any CPU.Build.0 = Release|Any CPU
	EndGlobalSection
	GlobalSection(SolutionProperties) = preSolution
		HideSolutionNode = FALSE
	EndGlobalSection
	GlobalSection(ExtensibilityGlobals) = postSolution
		SolutionGuid = {3D5DBEAD-70C2-47CB-A951-BBC21F5DA69F}
	EndGlobalSection
EndGlobal
