
Microsoft Visual Studio Solution File, Format Version 12.00
# Visual Studio Version 17
VisualStudioVersion = 17.2.32519.379
MinimumVisualStudioVersion = 10.0.40219.1
Project("{FAE04EC0-301F-11D3-BF4B-00C04F79EFBC}") = "TesteNumero", "TesteNumero.csproj", "{488C9841-51B1-415A-B2D9-BB48F0D51535}"
EndProject
Global
	GlobalSection(SolutionConfigurationPlatforms) = preSolution
		Debug|Any CPU = Debug|Any CPU
		Release|Any CPU = Release|Any CPU
	EndGlobalSection
	GlobalSection(ProjectConfigurationPlatforms) = postSolution
		{488C9841-51B1-415A-B2D9-BB48F0D51535}.Debug|Any CPU.ActiveCfg = Debug|Any CPU
		{488C9841-51B1-415A-B2D9-BB48F0D51535}.Debug|Any CPU.Build.0 = Debug|Any CPU
		{488C9841-51B1-415A-B2D9-BB48F0D51535}.Release|Any CPU.ActiveCfg = Release|Any CPU
		{488C9841-51B1-415A-B2D9-BB48F0D51535}.Release|Any CPU.Build.0 = Release|Any CPU
	EndGlobalSection
	GlobalSection(SolutionProperties) = preSolution
		HideSolutionNode = FALSE
	EndGlobalSection
	GlobalSection(ExtensibilityGlobals) = postSolution
		SolutionGuid = {9F80FE13-32B1-4788-8E28-D979D17DD65C}
	EndGlobalSection
EndGlobal
