
Microsoft Visual Studio Solution File, Format Version 12.00
# Visual Studio Version 17
VisualStudioVersion = 17.2.32519.379
MinimumVisualStudioVersion = 10.0.40219.1
Project("{FAE04EC0-301F-11D3-BF4B-00C04F79EFBC}") = "tabuada", "tabuada.csproj", "{0792E48C-368C-43DE-B475-B73B61B79317}"
EndProject
Global
	GlobalSection(SolutionConfigurationPlatforms) = preSolution
		Debug|Any CPU = Debug|Any CPU
		Release|Any CPU = Release|Any CPU
	EndGlobalSection
	GlobalSection(ProjectConfigurationPlatforms) = postSolution
		{0792E48C-368C-43DE-B475-B73B61B79317}.Debug|Any CPU.ActiveCfg = Debug|Any CPU
		{0792E48C-368C-43DE-B475-B73B61B79317}.Debug|Any CPU.Build.0 = Debug|Any CPU
		{0792E48C-368C-43DE-B475-B73B61B79317}.Release|Any CPU.ActiveCfg = Release|Any CPU
		{0792E48C-368C-43DE-B475-B73B61B79317}.Release|Any CPU.Build.0 = Release|Any CPU
	EndGlobalSection
	GlobalSection(SolutionProperties) = preSolution
		HideSolutionNode = FALSE
	EndGlobalSection
	GlobalSection(ExtensibilityGlobals) = postSolution
		SolutionGuid = {ECB1FE90-9E7E-443C-A04C-645E69F041A1}
	EndGlobalSection
EndGlobal
